
Microsoft Visual Studio Solution File, Format Version 12.00
# Visual Studio Version 17
VisualStudioVersion = 17.4.33205.214
MinimumVisualStudioVersion = 10.0.40219.1
Project("{2150E333-8FDC-42A3-9474-1A3956D46DE8}") = "src", "src", "{121AE61C-9C12-4FB8-8FA8-E89171F48E05}"
EndProject
Project("{2150E333-8FDC-42A3-9474-1A3956D46DE8}") = "docs", "docs", "{D73A9BBC-B42B-4338-926D-9214777954F7}"
EndProject
Project("{2150E333-8FDC-42A3-9474-1A3956D46DE8}") = "API", "API", "{D2E031D1-0D41-49C1-B3BD-0A1053A23701}"
EndProject
Project("{2150E333-8FDC-42A3-9474-1A3956D46DE8}") = "Database", "Database", "{5CDBA0EE-3769-4C74-8930-8E5DCDFCEA0B}"
EndProject
Project("{2150E333-8FDC-42A3-9474-1A3956D46DE8}") = "Modules", "Modules", "{5330D392-4E54-4638-A524-DF7E13FC0C8C}"
EndProject
Project("{2150E333-8FDC-42A3-9474-1A3956D46DE8}") = "Shared", "Shared", "{1B858F0B-DC30-440C-AA64-B27095A3914A}"
EndProject
Project("{2150E333-8FDC-42A3-9474-1A3956D46DE8}") = "CMS", "CMS", "{E1793A88-B9C8-4E63-BF75-AF211AC382BC}"
EndProject
Project("{2150E333-8FDC-42A3-9474-1A3956D46DE8}") = "Core", "Core", "{B21B2684-9B41-4AA6-8A8F-AE93EA009563}"
EndProject
Project("{2150E333-8FDC-42A3-9474-1A3956D46DE8}") = "Forex", "Forex", "{5C8A73B1-FEC4-4922-A4D7-145775F529FB}"
EndProject
Project("{2150E333-8FDC-42A3-9474-1A3956D46DE8}") = "Journal", "Journal", "{67DAB547-5537-4BC4-B766-7D4C7B0792E3}"
EndProject
Project("{2150E333-8FDC-42A3-9474-1A3956D46DE8}") = "Reports", "Reports", "{70E04204-EBE5-42FD-9123-ABB0D436B5DA}"
EndProject
Project("{2150E333-8FDC-42A3-9474-1A3956D46DE8}") = "Serveillence", "Serveillence", "{B317EBDD-EE18-4096-9098-BBEF22F9ADD9}"
EndProject
Project("{2150E333-8FDC-42A3-9474-1A3956D46DE8}") = "Identity Management", "Identity Management", "{C2A1B422-DE27-4056-8C64-7F212E7001AE}"
EndProject
Project("{FAE04EC0-301F-11D3-BF4B-00C04F79EFBC}") = "Module.IdentityManagement.Domain", "src\Modules\Identity Management\Module.IdentityManagement.Domain\Module.IdentityManagement.Domain.csproj", "{EC31CB49-AB81-432A-A92B-ECAB54C7D5AD}"
EndProject
Project("{FAE04EC0-301F-11D3-BF4B-00C04F79EFBC}") = "Module.IdentityManagement.Infrastructure", "src\Modules\Identity Management\Module.IdentityManagement.Infrastructure\Module.IdentityManagement.Infrastructure.csproj", "{A93284B9-25AE-4F41-AD71-605F7118C30D}"
EndProject
Project("{FAE04EC0-301F-11D3-BF4B-00C04F79EFBC}") = "Shared.Domain", "src\Shared\Shared.Domain\Shared.Domain.csproj", "{6791927C-8187-4703-BC23-8FFD885EDE7F}"
EndProject
Project("{FAE04EC0-301F-11D3-BF4B-00C04F79EFBC}") = "Shared.Infrastructure", "src\Shared\Shared.Infrastructure\Shared.Infrastructure.csproj", "{DDF74659-90DF-4C53-A567-E04162EF07C2}"
EndProject
Project("{FAE04EC0-301F-11D3-BF4B-00C04F79EFBC}") = "EntryPoint", "src\API\EntryPoint\EntryPoint.csproj", "{16A9E299-D659-47EB-8DC1-AD33DF7C53C3}"
EndProject
Project("{FAE04EC0-301F-11D3-BF4B-00C04F79EFBC}") = "Module.IdentityManagement.Application", "src\Modules\Identity Management\Module.IdentityManagement.Application\Module.IdentityManagement.Application.csproj", "{DEFA1F6C-4C5B-4E3F-BE1C-191EA10BAE33}"
EndProject
Project("{FAE04EC0-301F-11D3-BF4B-00C04F79EFBC}") = "Shared.Application", "src\Shared\Shared.Application\Shared.Application.csproj", "{B6007EA6-6F03-4239-9EF6-FDABB78A3596}"
EndProject
Project("{FAE04EC0-301F-11D3-BF4B-00C04F79EFBC}") = "Module.Core.Application", "src\Modules\Core\Module.Core.Application\Module.Core.Application.csproj", "{386182B6-96A4-4F41-B69A-A1642CADD74F}"
EndProject
Project("{FAE04EC0-301F-11D3-BF4B-00C04F79EFBC}") = "Module.Core.Domain", "src\Modules\Core\Module.Core.Domain\Module.Core.Domain.csproj", "{9393C584-6293-46D0-8FF4-8229F3CCAD68}"
EndProject
Project("{FAE04EC0-301F-11D3-BF4B-00C04F79EFBC}") = "Module.Core.Infrastructure", "src\Modules\Core\Module.Core.Infrastructure\Module.Core.Infrastructure.csproj", "{4B1D3BA6-DA52-44ED-A294-F1514F5AFD02}"
EndProject
Project("{2150E333-8FDC-42A3-9474-1A3956D46DE8}") = "images", "images", "{384FE598-01BB-4EAE-84B6-8C15680798B4}"
	ProjectSection(SolutionItems) = preProject
		C:\Users\abdul\OneDrive\Desktop\png-transparent-call-centre-raya-contact-center-customer-service-raya-information-technology-raya-miscellaneous-blue-company.png = C:\Users\abdul\OneDrive\Desktop\png-transparent-call-centre-raya-contact-center-customer-service-raya-information-technology-raya-miscellaneous-blue-company.png
	EndProjectSection
EndProject
Global
	GlobalSection(SolutionConfigurationPlatforms) = preSolution
		Debug|Any CPU = Debug|Any CPU
		Debug|arm64 = Debug|arm64
		Debug|x86 = Debug|x86
		Release|Any CPU = Release|Any CPU
		Release|arm64 = Release|arm64
		Release|x86 = Release|x86
	EndGlobalSection
	GlobalSection(ProjectConfigurationPlatforms) = postSolution
		{EC31CB49-AB81-432A-A92B-ECAB54C7D5AD}.Debug|Any CPU.ActiveCfg = Debug|Any CPU
		{EC31CB49-AB81-432A-A92B-ECAB54C7D5AD}.Debug|Any CPU.Build.0 = Debug|Any CPU
		{EC31CB49-AB81-432A-A92B-ECAB54C7D5AD}.Debug|arm64.ActiveCfg = Debug|Any CPU
		{EC31CB49-AB81-432A-A92B-ECAB54C7D5AD}.Debug|arm64.Build.0 = Debug|Any CPU
		{EC31CB49-AB81-432A-A92B-ECAB54C7D5AD}.Debug|x86.ActiveCfg = Debug|Any CPU
		{EC31CB49-AB81-432A-A92B-ECAB54C7D5AD}.Debug|x86.Build.0 = Debug|Any CPU
		{EC31CB49-AB81-432A-A92B-ECAB54C7D5AD}.Release|Any CPU.ActiveCfg = Release|Any CPU
		{EC31CB49-AB81-432A-A92B-ECAB54C7D5AD}.Release|Any CPU.Build.0 = Release|Any CPU
		{EC31CB49-AB81-432A-A92B-ECAB54C7D5AD}.Release|arm64.ActiveCfg = Release|Any CPU
		{EC31CB49-AB81-432A-A92B-ECAB54C7D5AD}.Release|arm64.Build.0 = Release|Any CPU
		{EC31CB49-AB81-432A-A92B-ECAB54C7D5AD}.Release|x86.ActiveCfg = Release|Any CPU
		{EC31CB49-AB81-432A-A92B-ECAB54C7D5AD}.Release|x86.Build.0 = Release|Any CPU
		{A93284B9-25AE-4F41-AD71-605F7118C30D}.Debug|Any CPU.ActiveCfg = Debug|Any CPU
		{A93284B9-25AE-4F41-AD71-605F7118C30D}.Debug|Any CPU.Build.0 = Debug|Any CPU
		{A93284B9-25AE-4F41-AD71-605F7118C30D}.Debug|arm64.ActiveCfg = Debug|Any CPU
		{A93284B9-25AE-4F41-AD71-605F7118C30D}.Debug|arm64.Build.0 = Debug|Any CPU
		{A93284B9-25AE-4F41-AD71-605F7118C30D}.Debug|x86.ActiveCfg = Debug|Any CPU
		{A93284B9-25AE-4F41-AD71-605F7118C30D}.Debug|x86.Build.0 = Debug|Any CPU
		{A93284B9-25AE-4F41-AD71-605F7118C30D}.Release|Any CPU.ActiveCfg = Release|Any CPU
		{A93284B9-25AE-4F41-AD71-605F7118C30D}.Release|Any CPU.Build.0 = Release|Any CPU
		{A93284B9-25AE-4F41-AD71-605F7118C30D}.Release|arm64.ActiveCfg = Release|Any CPU
		{A93284B9-25AE-4F41-AD71-605F7118C30D}.Release|arm64.Build.0 = Release|Any CPU
		{A93284B9-25AE-4F41-AD71-605F7118C30D}.Release|x86.ActiveCfg = Release|Any CPU
		{A93284B9-25AE-4F41-AD71-605F7118C30D}.Release|x86.Build.0 = Release|Any CPU
		{6791927C-8187-4703-BC23-8FFD885EDE7F}.Debug|Any CPU.ActiveCfg = Debug|Any CPU
		{6791927C-8187-4703-BC23-8FFD885EDE7F}.Debug|Any CPU.Build.0 = Debug|Any CPU
		{6791927C-8187-4703-BC23-8FFD885EDE7F}.Debug|arm64.ActiveCfg = Debug|Any CPU
		{6791927C-8187-4703-BC23-8FFD885EDE7F}.Debug|arm64.Build.0 = Debug|Any CPU
		{6791927C-8187-4703-BC23-8FFD885EDE7F}.Debug|x86.ActiveCfg = Debug|Any CPU
		{6791927C-8187-4703-BC23-8FFD885EDE7F}.Debug|x86.Build.0 = Debug|Any CPU
		{6791927C-8187-4703-BC23-8FFD885EDE7F}.Release|Any CPU.ActiveCfg = Release|Any CPU
		{6791927C-8187-4703-BC23-8FFD885EDE7F}.Release|Any CPU.Build.0 = Release|Any CPU
		{6791927C-8187-4703-BC23-8FFD885EDE7F}.Release|arm64.ActiveCfg = Release|Any CPU
		{6791927C-8187-4703-BC23-8FFD885EDE7F}.Release|arm64.Build.0 = Release|Any CPU
		{6791927C-8187-4703-BC23-8FFD885EDE7F}.Release|x86.ActiveCfg = Release|Any CPU
		{6791927C-8187-4703-BC23-8FFD885EDE7F}.Release|x86.Build.0 = Release|Any CPU
		{DDF74659-90DF-4C53-A567-E04162EF07C2}.Debug|Any CPU.ActiveCfg = Debug|Any CPU
		{DDF74659-90DF-4C53-A567-E04162EF07C2}.Debug|Any CPU.Build.0 = Debug|Any CPU
		{DDF74659-90DF-4C53-A567-E04162EF07C2}.Debug|arm64.ActiveCfg = Debug|Any CPU
		{DDF74659-90DF-4C53-A567-E04162EF07C2}.Debug|arm64.Build.0 = Debug|Any CPU
		{DDF74659-90DF-4C53-A567-E04162EF07C2}.Debug|x86.ActiveCfg = Debug|Any CPU
		{DDF74659-90DF-4C53-A567-E04162EF07C2}.Debug|x86.Build.0 = Debug|Any CPU
		{DDF74659-90DF-4C53-A567-E04162EF07C2}.Release|Any CPU.ActiveCfg = Release|Any CPU
		{DDF74659-90DF-4C53-A567-E04162EF07C2}.Release|Any CPU.Build.0 = Release|Any CPU
		{DDF74659-90DF-4C53-A567-E04162EF07C2}.Release|arm64.ActiveCfg = Release|Any CPU
		{DDF74659-90DF-4C53-A567-E04162EF07C2}.Release|arm64.Build.0 = Release|Any CPU
		{DDF74659-90DF-4C53-A567-E04162EF07C2}.Release|x86.ActiveCfg = Release|Any CPU
		{DDF74659-90DF-4C53-A567-E04162EF07C2}.Release|x86.Build.0 = Release|Any CPU
		{16A9E299-D659-47EB-8DC1-AD33DF7C53C3}.Debug|Any CPU.ActiveCfg = Debug|Any CPU
		{16A9E299-D659-47EB-8DC1-AD33DF7C53C3}.Debug|Any CPU.Build.0 = Debug|Any CPU
		{16A9E299-D659-47EB-8DC1-AD33DF7C53C3}.Debug|arm64.ActiveCfg = Debug|Any CPU
		{16A9E299-D659-47EB-8DC1-AD33DF7C53C3}.Debug|arm64.Build.0 = Debug|Any CPU
		{16A9E299-D659-47EB-8DC1-AD33DF7C53C3}.Debug|x86.ActiveCfg = Debug|Any CPU
		{16A9E299-D659-47EB-8DC1-AD33DF7C53C3}.Debug|x86.Build.0 = Debug|Any CPU
		{16A9E299-D659-47EB-8DC1-AD33DF7C53C3}.Release|Any CPU.ActiveCfg = Release|Any CPU
		{16A9E299-D659-47EB-8DC1-AD33DF7C53C3}.Release|Any CPU.Build.0 = Release|Any CPU
		{16A9E299-D659-47EB-8DC1-AD33DF7C53C3}.Release|arm64.ActiveCfg = Release|Any CPU
		{16A9E299-D659-47EB-8DC1-AD33DF7C53C3}.Release|arm64.Build.0 = Release|Any CPU
		{16A9E299-D659-47EB-8DC1-AD33DF7C53C3}.Release|x86.ActiveCfg = Release|Any CPU
		{16A9E299-D659-47EB-8DC1-AD33DF7C53C3}.Release|x86.Build.0 = Release|Any CPU
		{DEFA1F6C-4C5B-4E3F-BE1C-191EA10BAE33}.Debug|Any CPU.ActiveCfg = Debug|Any CPU
		{DEFA1F6C-4C5B-4E3F-BE1C-191EA10BAE33}.Debug|Any CPU.Build.0 = Debug|Any CPU
		{DEFA1F6C-4C5B-4E3F-BE1C-191EA10BAE33}.Debug|arm64.ActiveCfg = Debug|Any CPU
		{DEFA1F6C-4C5B-4E3F-BE1C-191EA10BAE33}.Debug|arm64.Build.0 = Debug|Any CPU
		{DEFA1F6C-4C5B-4E3F-BE1C-191EA10BAE33}.Debug|x86.ActiveCfg = Debug|Any CPU
		{DEFA1F6C-4C5B-4E3F-BE1C-191EA10BAE33}.Debug|x86.Build.0 = Debug|Any CPU
		{DEFA1F6C-4C5B-4E3F-BE1C-191EA10BAE33}.Release|Any CPU.ActiveCfg = Release|Any CPU
		{DEFA1F6C-4C5B-4E3F-BE1C-191EA10BAE33}.Release|Any CPU.Build.0 = Release|Any CPU
		{DEFA1F6C-4C5B-4E3F-BE1C-191EA10BAE33}.Release|arm64.ActiveCfg = Release|Any CPU
		{DEFA1F6C-4C5B-4E3F-BE1C-191EA10BAE33}.Release|arm64.Build.0 = Release|Any CPU
		{DEFA1F6C-4C5B-4E3F-BE1C-191EA10BAE33}.Release|x86.ActiveCfg = Release|Any CPU
		{DEFA1F6C-4C5B-4E3F-BE1C-191EA10BAE33}.Release|x86.Build.0 = Release|Any CPU
		{B6007EA6-6F03-4239-9EF6-FDABB78A3596}.Debug|Any CPU.ActiveCfg = Debug|Any CPU
		{B6007EA6-6F03-4239-9EF6-FDABB78A3596}.Debug|Any CPU.Build.0 = Debug|Any CPU
		{B6007EA6-6F03-4239-9EF6-FDABB78A3596}.Debug|arm64.ActiveCfg = Debug|Any CPU
		{B6007EA6-6F03-4239-9EF6-FDABB78A3596}.Debug|arm64.Build.0 = Debug|Any CPU
		{B6007EA6-6F03-4239-9EF6-FDABB78A3596}.Debug|x86.ActiveCfg = Debug|Any CPU
		{B6007EA6-6F03-4239-9EF6-FDABB78A3596}.Debug|x86.Build.0 = Debug|Any CPU
		{B6007EA6-6F03-4239-9EF6-FDABB78A3596}.Release|Any CPU.ActiveCfg = Release|Any CPU
		{B6007EA6-6F03-4239-9EF6-FDABB78A3596}.Release|Any CPU.Build.0 = Release|Any CPU
		{B6007EA6-6F03-4239-9EF6-FDABB78A3596}.Release|arm64.ActiveCfg = Release|Any CPU
		{B6007EA6-6F03-4239-9EF6-FDABB78A3596}.Release|arm64.Build.0 = Release|Any CPU
		{B6007EA6-6F03-4239-9EF6-FDABB78A3596}.Release|x86.ActiveCfg = Release|Any CPU
		{B6007EA6-6F03-4239-9EF6-FDABB78A3596}.Release|x86.Build.0 = Release|Any CPU
		{386182B6-96A4-4F41-B69A-A1642CADD74F}.Debug|Any CPU.ActiveCfg = Debug|Any CPU
		{386182B6-96A4-4F41-B69A-A1642CADD74F}.Debug|Any CPU.Build.0 = Debug|Any CPU
		{386182B6-96A4-4F41-B69A-A1642CADD74F}.Debug|arm64.ActiveCfg = Debug|Any CPU
		{386182B6-96A4-4F41-B69A-A1642CADD74F}.Debug|arm64.Build.0 = Debug|Any CPU
		{386182B6-96A4-4F41-B69A-A1642CADD74F}.Debug|x86.ActiveCfg = Debug|Any CPU
		{386182B6-96A4-4F41-B69A-A1642CADD74F}.Debug|x86.Build.0 = Debug|Any CPU
		{386182B6-96A4-4F41-B69A-A1642CADD74F}.Release|Any CPU.ActiveCfg = Release|Any CPU
		{386182B6-96A4-4F41-B69A-A1642CADD74F}.Release|Any CPU.Build.0 = Release|Any CPU
		{386182B6-96A4-4F41-B69A-A1642CADD74F}.Release|arm64.ActiveCfg = Release|Any CPU
		{386182B6-96A4-4F41-B69A-A1642CADD74F}.Release|arm64.Build.0 = Release|Any CPU
		{386182B6-96A4-4F41-B69A-A1642CADD74F}.Release|x86.ActiveCfg = Release|Any CPU
		{386182B6-96A4-4F41-B69A-A1642CADD74F}.Release|x86.Build.0 = Release|Any CPU
		{9393C584-6293-46D0-8FF4-8229F3CCAD68}.Debug|Any CPU.ActiveCfg = Debug|Any CPU
		{9393C584-6293-46D0-8FF4-8229F3CCAD68}.Debug|Any CPU.Build.0 = Debug|Any CPU
		{9393C584-6293-46D0-8FF4-8229F3CCAD68}.Debug|arm64.ActiveCfg = Debug|Any CPU
		{9393C584-6293-46D0-8FF4-8229F3CCAD68}.Debug|arm64.Build.0 = Debug|Any CPU
		{9393C584-6293-46D0-8FF4-8229F3CCAD68}.Debug|x86.ActiveCfg = Debug|Any CPU
		{9393C584-6293-46D0-8FF4-8229F3CCAD68}.Debug|x86.Build.0 = Debug|Any CPU
		{9393C584-6293-46D0-8FF4-8229F3CCAD68}.Release|Any CPU.ActiveCfg = Release|Any CPU
		{9393C584-6293-46D0-8FF4-8229F3CCAD68}.Release|Any CPU.Build.0 = Release|Any CPU
		{9393C584-6293-46D0-8FF4-8229F3CCAD68}.Release|arm64.ActiveCfg = Release|Any CPU
		{9393C584-6293-46D0-8FF4-8229F3CCAD68}.Release|arm64.Build.0 = Release|Any CPU
		{9393C584-6293-46D0-8FF4-8229F3CCAD68}.Release|x86.ActiveCfg = Release|Any CPU
		{9393C584-6293-46D0-8FF4-8229F3CCAD68}.Release|x86.Build.0 = Release|Any CPU
		{4B1D3BA6-DA52-44ED-A294-F1514F5AFD02}.Debug|Any CPU.ActiveCfg = Debug|Any CPU
		{4B1D3BA6-DA52-44ED-A294-F1514F5AFD02}.Debug|Any CPU.Build.0 = Debug|Any CPU
		{4B1D3BA6-DA52-44ED-A294-F1514F5AFD02}.Debug|arm64.ActiveCfg = Debug|Any CPU
		{4B1D3BA6-DA52-44ED-A294-F1514F5AFD02}.Debug|arm64.Build.0 = Debug|Any CPU
		{4B1D3BA6-DA52-44ED-A294-F1514F5AFD02}.Debug|x86.ActiveCfg = Debug|Any CPU
		{4B1D3BA6-DA52-44ED-A294-F1514F5AFD02}.Debug|x86.Build.0 = Debug|Any CPU
		{4B1D3BA6-DA52-44ED-A294-F1514F5AFD02}.Release|Any CPU.ActiveCfg = Release|Any CPU
		{4B1D3BA6-DA52-44ED-A294-F1514F5AFD02}.Release|Any CPU.Build.0 = Release|Any CPU
		{4B1D3BA6-DA52-44ED-A294-F1514F5AFD02}.Release|arm64.ActiveCfg = Release|Any CPU
		{4B1D3BA6-DA52-44ED-A294-F1514F5AFD02}.Release|arm64.Build.0 = Release|Any CPU
		{4B1D3BA6-DA52-44ED-A294-F1514F5AFD02}.Release|x86.ActiveCfg = Release|Any CPU
		{4B1D3BA6-DA52-44ED-A294-F1514F5AFD02}.Release|x86.Build.0 = Release|Any CPU
	EndGlobalSection
	GlobalSection(SolutionProperties) = preSolution
		HideSolutionNode = FALSE
	EndGlobalSection
	GlobalSection(NestedProjects) = preSolution
		{D2E031D1-0D41-49C1-B3BD-0A1053A23701} = {121AE61C-9C12-4FB8-8FA8-E89171F48E05}
		{5CDBA0EE-3769-4C74-8930-8E5DCDFCEA0B} = {121AE61C-9C12-4FB8-8FA8-E89171F48E05}
		{5330D392-4E54-4638-A524-DF7E13FC0C8C} = {121AE61C-9C12-4FB8-8FA8-E89171F48E05}
		{1B858F0B-DC30-440C-AA64-B27095A3914A} = {121AE61C-9C12-4FB8-8FA8-E89171F48E05}
		{E1793A88-B9C8-4E63-BF75-AF211AC382BC} = {5330D392-4E54-4638-A524-DF7E13FC0C8C}
		{B21B2684-9B41-4AA6-8A8F-AE93EA009563} = {5330D392-4E54-4638-A524-DF7E13FC0C8C}
		{5C8A73B1-FEC4-4922-A4D7-145775F529FB} = {5330D392-4E54-4638-A524-DF7E13FC0C8C}
		{67DAB547-5537-4BC4-B766-7D4C7B0792E3} = {5330D392-4E54-4638-A524-DF7E13FC0C8C}
		{70E04204-EBE5-42FD-9123-ABB0D436B5DA} = {5330D392-4E54-4638-A524-DF7E13FC0C8C}
		{B317EBDD-EE18-4096-9098-BBEF22F9ADD9} = {5330D392-4E54-4638-A524-DF7E13FC0C8C}
		{C2A1B422-DE27-4056-8C64-7F212E7001AE} = {5330D392-4E54-4638-A524-DF7E13FC0C8C}
		{EC31CB49-AB81-432A-A92B-ECAB54C7D5AD} = {C2A1B422-DE27-4056-8C64-7F212E7001AE}
		{A93284B9-25AE-4F41-AD71-605F7118C30D} = {C2A1B422-DE27-4056-8C64-7F212E7001AE}
		{6791927C-8187-4703-BC23-8FFD885EDE7F} = {1B858F0B-DC30-440C-AA64-B27095A3914A}
		{DDF74659-90DF-4C53-A567-E04162EF07C2} = {1B858F0B-DC30-440C-AA64-B27095A3914A}
		{16A9E299-D659-47EB-8DC1-AD33DF7C53C3} = {D2E031D1-0D41-49C1-B3BD-0A1053A23701}
		{DEFA1F6C-4C5B-4E3F-BE1C-191EA10BAE33} = {C2A1B422-DE27-4056-8C64-7F212E7001AE}
		{B6007EA6-6F03-4239-9EF6-FDABB78A3596} = {1B858F0B-DC30-440C-AA64-B27095A3914A}
		{386182B6-96A4-4F41-B69A-A1642CADD74F} = {B21B2684-9B41-4AA6-8A8F-AE93EA009563}
		{9393C584-6293-46D0-8FF4-8229F3CCAD68} = {B21B2684-9B41-4AA6-8A8F-AE93EA009563}
		{4B1D3BA6-DA52-44ED-A294-F1514F5AFD02} = {B21B2684-9B41-4AA6-8A8F-AE93EA009563}
		{384FE598-01BB-4EAE-84B6-8C15680798B4} = {D73A9BBC-B42B-4338-926D-9214777954F7}
	EndGlobalSection
	GlobalSection(ExtensibilityGlobals) = postSolution
		SolutionGuid = {99BD595D-8EC6-45CE-87A0-7C8DFE52F549}
	EndGlobalSection
EndGlobal
